
Microsoft Visual Studio Solution File, Format Version 12.00
# Visual Studio 14
VisualStudioVersion = 14.0.25420.1
MinimumVisualStudioVersion = 10.0.40219.1
Project("{FAE04EC0-301F-11D3-BF4B-00C04F79EFBC}") = "Manage Beatmap", "Beat Program\Manage Beatmap.csproj", "{9A7BD44C-F10F-4C0E-B9CF-BB0563B15CAF}"
EndProject
Project("{54435603-DBB4-11D2-8724-00A0C9A8B90C}") = "Manage Beatmap Setup", "Beat Program Setup\Beat Program Setup.vdproj", "{C683BB44-358D-448A-9A19-5977CF49CB75}"
EndProject
Global
	GlobalSection(SolutionConfigurationPlatforms) = preSolution
		Debug|Any CPU = Debug|Any CPU
		Debug|x86 = Debug|x86
		Release|Any CPU = Release|Any CPU
		Release|x86 = Release|x86
	EndGlobalSection
	GlobalSection(ProjectConfigurationPlatforms) = postSolution
		{9A7BD44C-F10F-4C0E-B9CF-BB0563B15CAF}.Debug|Any CPU.ActiveCfg = Debug|x86
		{9A7BD44C-F10F-4C0E-B9CF-BB0563B15CAF}.Debug|Any CPU.Build.0 = Debug|x86
		{9A7BD44C-F10F-4C0E-B9CF-BB0563B15CAF}.Debug|Any CPU.Deploy.0 = Debug|x86
		{9A7BD44C-F10F-4C0E-B9CF-BB0563B15CAF}.Debug|x86.ActiveCfg = Debug|x86
		{9A7BD44C-F10F-4C0E-B9CF-BB0563B15CAF}.Debug|x86.Build.0 = Debug|x86
		{9A7BD44C-F10F-4C0E-B9CF-BB0563B15CAF}.Release|Any CPU.ActiveCfg = Release|x86
		{9A7BD44C-F10F-4C0E-B9CF-BB0563B15CAF}.Release|x86.ActiveCfg = Debug|x86
		{9A7BD44C-F10F-4C0E-B9CF-BB0563B15CAF}.Release|x86.Build.0 = Debug|x86
		{C683BB44-358D-448A-9A19-5977CF49CB75}.Debug|Any CPU.ActiveCfg = Debug
		{C683BB44-358D-448A-9A19-5977CF49CB75}.Debug|Any CPU.Build.0 = Debug
		{C683BB44-358D-448A-9A19-5977CF49CB75}.Debug|x86.ActiveCfg = Debug
		{C683BB44-358D-448A-9A19-5977CF49CB75}.Release|Any CPU.ActiveCfg = Release
		{C683BB44-358D-448A-9A19-5977CF49CB75}.Release|x86.ActiveCfg = Release
	EndGlobalSection
	GlobalSection(SolutionProperties) = preSolution
		HideSolutionNode = FALSE
	EndGlobalSection
	GlobalSection(ExtensibilityGlobals) = postSolution
		SolutionGuid = {2981B407-D0F7-4AD1-A340-1288A8FDF2F7}
	EndGlobalSection
EndGlobal
